// !$*UTF8*$!
{
	archiveVersion = 1;
	classes = {
	};
	objectVersion = 46;
	objects = {

/* Begin PBXBuildFile section */
		7ECF8C9F1C84746E00482A1D /* AppDelegate.swift in Sources */ = {isa = PBXBuildFile; fileRef = 7ECF8C9E1C84746E00482A1D /* AppDelegate.swift */; };
		7ECF8CA11C84746E00482A1D /* ViewController.swift in Sources */ = {isa = PBXBuildFile; fileRef = 7ECF8CA01C84746E00482A1D /* ViewController.swift */; };
		7ECF8CA41C84746E00482A1D /* Main.storyboard in Resources */ = {isa = PBXBuildFile; fileRef = 7ECF8CA21C84746E00482A1D /* Main.storyboard */; };
		7ECF8CA71C84746E00482A1D /* BeaconsTest.xcdatamodeld in Sources */ = {isa = PBXBuildFile; fileRef = 7ECF8CA51C84746E00482A1D /* BeaconsTest.xcdatamodeld */; };
		7ECF8CA91C84746E00482A1D /* Assets.xcassets in Resources */ = {isa = PBXBuildFile; fileRef = 7ECF8CA81C84746E00482A1D /* Assets.xcassets */; };
		7ECF8CAC1C84746E00482A1D /* LaunchScreen.storyboard in Resources */ = {isa = PBXBuildFile; fileRef = 7ECF8CAA1C84746E00482A1D /* LaunchScreen.storyboard */; };
/* End PBXBuildFile section */

/* Begin PBXFileReference section */
		7ECF8C9B1C84746D00482A1D /* BeaconsTest.app */ = {isa = PBXFileReference; explicitFileType = wrapper.application; includeInIndex = 0; path = BeaconsTest.app; sourceTree = BUILT_PRODUCTS_DIR; };
		7ECF8C9E1C84746E00482A1D /* AppDelegate.swift */ = {isa = PBXFileReference; lastKnownFileType = sourcecode.swift; path = AppDelegate.swift; sourceTree = "<group>"; };
		7ECF8CA01C84746E00482A1D /* ViewController.swift */ = {isa = PBXFileReference; lastKnownFileType = sourcecode.swift; path = ViewController.swift; sourceTree = "<group>"; };
		7ECF8CA31C84746E00482A1D /* Base */ = {isa = PBXFileReference; lastKnownFileType = file.storyboard; name = Base; path = Base.lproj/Main.storyboard; sourceTree = "<group>"; };
		7ECF8CA61C84746E00482A1D /* BeaconsTest.xcdatamodel */ = {isa = PBXFileReference; lastKnownFileType = wrapper.xcdatamodel; path = BeaconsTest.xcdatamodel; sourceTree = "<group>"; };
		7ECF8CA81C84746E00482A1D /* Assets.xcassets */ = {isa = PBXFileReference; lastKnownFileType = folder.assetcatalog; path = Assets.xcassets; sourceTree = "<group>"; };
		7ECF8CAB1C84746E00482A1D /* Base */ = {isa = PBXFileReference; lastKnownFileType = file.storyboard; name = Base; path = Base.lproj/LaunchScreen.storyboard; sourceTree = "<group>"; };
		7ECF8CAD1C84746E00482A1D /* Info.plist */ = {isa = PBXFileReference; lastKnownFileType = text.plist.xml; path = Info.plist; sourceTree = "<group>"; };
/* End PBXFileReference section */

/* Begin PBXFrameworksBuildPhase section */
		7ECF8C981C84746D00482A1D /* Frameworks */ = {
			isa = PBXFrameworksBuildPhase;
			buildActionMask = 2147483647;
			files = (
			);
			runOnlyForDeploymentPostprocessing = 0;
		};
/* End PBXFrameworksBuildPhase section */

/* Begin PBXGroup section */
		7ECF8C921C84746D00482A1D = {
			isa = PBXGroup;
			children = (
				7ECF8C9D1C84746E00482A1D /* BeaconsTest */,
				7ECF8C9C1C84746D00482A1D /* Products */,
			);
			sourceTree = "<group>";
		};
		7ECF8C9C1C84746D00482A1D /* Products */ = {
			isa = PBXGroup;
			children = (
				7ECF8C9B1C84746D00482A1D /* BeaconsTest.app */,
			);
			name = Products;
			sourceTree = "<group>";
		};
		7ECF8C9D1C84746E00482A1D /* BeaconsTest */ = {
			isa = PBXGroup;
			children = (
				7ECF8C9E1C84746E00482A1D /* AppDelegate.swift */,
				7ECF8CA01C84746E00482A1D /* ViewController.swift */,
				7ECF8CA21C84746E00482A1D /* Main.storyboard */,
				7ECF8CA81C84746E00482A1D /* Assets.xcassets */,
				7ECF8CAA1C84746E00482A1D /* LaunchScreen.storyboard */,
				7ECF8CAD1C84746E00482A1D /* Info.plist */,
				7ECF8CA51C84746E00482A1D /* BeaconsTest.xcdatamodeld */,
			);
			path = BeaconsTest;
			sourceTree = "<group>";
		};
/* End PBXGroup section */

/* Begin PBXNativeTarget section */
		7ECF8C9A1C84746D00482A1D /* BeaconsTest */ = {
			isa = PBXNativeTarget;
			buildConfigurationList = 7ECF8CB01C84746E00482A1D /* Build configuration list for PBXNativeTarget "BeaconsTest" */;
			buildPhases = (
				7ECF8C971C84746D00482A1D /* Sources */,
				7ECF8C981C84746D00482A1D /* Frameworks */,
				7ECF8C991C84746D00482A1D /* Resources */,
			);
			buildRules = (
			);
			dependencies = (
			);
			name = BeaconsTest;
			productName = BeaconsTest;
			productReference = 7ECF8C9B1C84746D00482A1D /* BeaconsTest.app */;
			productType = "com.apple.product-type.application";
		};
/* End PBXNativeTarget section */

/* Begin PBXProject section */
		7ECF8C931C84746D00482A1D /* Project object */ = {
			isa = PBXProject;
			attributes = {
				LastSwiftUpdateCheck = 0720;
				LastUpgradeCheck = 0720;
				ORGANIZATIONNAME = "Rodrigo Fernandes Bulgarelli";
				TargetAttributes = {
					7ECF8C9A1C84746D00482A1D = {
						CreatedOnToolsVersion = 7.2.1;
						DevelopmentTeam = R6NDBB7276;
					};
				};
			};
			buildConfigurationList = 7ECF8C961C84746D00482A1D /* Build configuration list for PBXProject "BeaconsTest" */;
			compatibilityVersion = "Xcode 3.2";
			developmentRegion = English;
			hasScannedForEncodings = 0;
			knownRegions = (
				en,
				Base,
			);
			mainGroup = 7ECF8C921C84746D00482A1D;
			productRefGroup = 7ECF8C9C1C84746D00482A1D /* Products */;
			projectDirPath = "";
			projectRoot = "";
			targets = (
				7ECF8C9A1C84746D00482A1D /* BeaconsTest */,
			);
		};
/* End PBXProject section */

/* Begin PBXResourcesBuildPhase section */
		7ECF8C991C84746D00482A1D /* Resources */ = {
			isa = PBXResourcesBuildPhase;
			buildActionMask = 2147483647;
			files = (
				7ECF8CAC1C84746E00482A1D /* LaunchScreen.storyboard in Resources */,
				7ECF8CA91C84746E00482A1D /* Assets.xcassets in Resources */,
				7ECF8CA41C84746E00482A1D /* Main.storyboard in Resources */,
			);
			runOnlyForDeploymentPostprocessing = 0;
		};
/* End PBXResourcesBuildPhase section */

/* Begin PBXSourcesBuildPhase section */
		7ECF8C971C84746D00482A1D /* Sources */ = {
			isa = PBXSourcesBuildPhase;
			buildActionMask = 2147483647;
			files = (
				7ECF8CA11C84746E00482A1D /* ViewController.swift in Sources */,
				7ECF8C9F1C84746E00482A1D /* AppDelegate.swift in Sources */,
				7ECF8CA71C84746E00482A1D /* BeaconsTest.xcdatamodeld in Sources */,
			);
			runOnlyForDeploymentPostprocessing = 0;
		};
/* End PBXSourcesBuildPhase section */

/* Begin PBXVariantGroup section */
		7ECF8CA21C84746E00482A1D /* Main.storyboard */ = {
			isa = PBXVariantGroup;
			children = (
				7ECF8CA31C84746E00482A1D /* Base */,
			);
			name = Main.storyboard;
			sourceTree = "<group>";
		};
		7ECF8CAA1C84746E00482A1D /* LaunchScreen.storyboard */ = {
			isa = PBXVariantGroup;
			children = (
				7ECF8CAB1C84746E00482A1D /* Base */,
			);
			name = LaunchScreen.storyboard;
			sourceTree = "<group>";
		};
/* End PBXVariantGroup section */

/* Begin XCBuildConfiguration section */
		7ECF8CAE1C84746E00482A1D /* Debug */ = {
			isa = XCBuildConfiguration;
			buildSettings = {
				ALWAYS_SEARCH_USER_PATHS = NO;
				CLANG_CXX_LANGUAGE_STANDARD = "gnu++0x";
				CLANG_CXX_LIBRARY = "libc++";
				CLANG_ENABLE_MODULES = YES;
				CLANG_ENABLE_OBJC_ARC = YES;
				CLANG_WARN_BOOL_CONVERSION = YES;
				CLANG_WARN_CONSTANT_CONVERSION = YES;
				CLANG_WARN_DIRECT_OBJC_ISA_USAGE = YES_ERROR;
				CLANG_WARN_EMPTY_BODY = YES;
				CLANG_WARN_ENUM_CONVERSION = YES;
				CLANG_WARN_INT_CONVERSION = YES;
				CLANG_WARN_OBJC_ROOT_CLASS = YES_ERROR;
				CLANG_WARN_UNREACHABLE_CODE = YES;
				CLANG_WARN__DUPLICATE_METHOD_MATCH = YES;
				"CODE_SIGN_IDENTITY[sdk=iphoneos*]" = "iPhone Developer";
				COPY_PHASE_STRIP = NO;
				DEBUG_INFORMATION_FORMAT = dwarf;
				ENABLE_STRICT_OBJC_MSGSEND = YES;
				ENABLE_TESTABILITY = YES;
				GCC_C_LANGUAGE_STANDARD = gnu99;
				GCC_DYNAMIC_NO_PIC = NO;
				GCC_NO_COMMON_BLOCKS = YES;
				GCC_OPTIMIZATION_LEVEL = 0;
				GCC_PREPROCESSOR_DEFINITIONS = (
					"DEBUG=1",
					"$(inherited)",
				);
				GCC_WARN_64_TO_32_BIT_CONVERSION = YES;
				GCC_WARN_ABOUT_RETURN_TYPE = YES_ERROR;
				GCC_WARN_UNDECLARED_SELECTOR = YES;
				GCC_WARN_UNINITIALIZED_AUTOS = YES_AGGRESSIVE;
				GCC_WARN_UNUSED_FUNCTION = YES;
				GCC_WARN_UNUSED_VARIABLE = YES;
				IPHONEOS_DEPLOYMENT_TARGET = 9.2;
				MTL_ENABLE_DEBUG_INFO = YES;
				ONLY_ACTIVE_ARCH = YES;
				SDKROOT = iphoneos;
				SWIFT_OPTIMIZATION_LEVEL = "-Onone";
			};
			name = Debug;
		};
		7ECF8CAF1C84746E00482A1D /* Release */ = {
			isa = XCBuildConfiguration;
			buildSettings = {
				ALWAYS_SEARCH_USER_PATHS = NO;
				CLANG_CXX_LANGUAGE_STANDARD = "gnu++0x";
				CLANG_CXX_LIBRARY = "libc++";
				CLANG_ENABLE_MODULES = YES;
				CLANG_ENABLE_OBJC_ARC = YES;
				CLANG_WARN_BOOL_CONVERSION = YES;
				CLANG_WARN_CONSTANT_CONVERSION = YES;
				CLANG_WARN_DIRECT_OBJC_ISA_USAGE = YES_ERROR;
				CLANG_WARN_EMPTY_BODY = YES;
				CLANG_WARN_ENUM_CONVERSION = YES;
				CLANG_WARN_INT_CONVERSION = YES;
				CLANG_WARN_OBJC_ROOT_CLASS = YES_ERROR;
				CLANG_WARN_UNREACHABLE_CODE = YES;
				CLANG_WARN__DUPLICATE_METHOD_MATCH = YES;
				"CODE_SIGN_IDENTITY[sdk=iphoneos*]" = "iPhone Developer";
				COPY_PHASE_STRIP = NO;
				DEBUG_INFORMATION_FORMAT = "dwarf-with-dsym";
				ENABLE_NS_ASSERTIONS = NO;
				ENABLE_STRICT_OBJC_MSGSEND = YES;
				GCC_C_LANGUAGE_STANDARD = gnu99;
				GCC_NO_COMMON_BLOCKS = YES;
				GCC_WARN_64_TO_32_BIT_CONVERSION = YES;
				GCC_WARN_ABOUT_RETURN_TYPE = YES_ERROR;
				GCC_WARN_UNDECLARED_SELECTOR = YES;
				GCC_WARN_UNINITIALIZED_AUTOS = YES_AGGRESSIVE;
				GCC_WARN_UNUSED_FUNCTION = YES;
				GCC_WARN_UNUSED_VARIABLE = YES;
				IPHONEOS_DEPLOYMENT_TARGET = 9.2;
				MTL_ENABLE_DEBUG_INFO = NO;
				SDKROOT = iphoneos;
				VALIDATE_PRODUCT = YES;
			};
			name = Release;
		};
		7ECF8CB11C84746E00482A1D /* Debug */ = {
			isa = XCBuildConfiguration;
			buildSettings = {
				ASSETCATALOG_COMPILER_APPICON_NAME = AppIcon;
				INFOPLIST_FILE = BeaconsTest/Info.plist;
				LD_RUNPATH_SEARCH_PATHS = "$(inherited) @executable_path/Frameworks";
				PRODUCT_BUNDLE_IDENTIFIER = br.com.bulgasoftwares.BeaconsTest;
				PRODUCT_NAME = "$(TARGET_NAME)";
			};
			name = Debug;
		};
		7ECF8CB21C84746E00482A1D /* Release */ = {
			isa = XCBuildConfiguration;
			buildSettings = {
				ASSETCATALOG_COMPILER_APPICON_NAME = AppIcon;
				INFOPLIST_FILE = BeaconsTest/Info.plist;
				LD_RUNPATH_SEARCH_PATHS = "$(inherited) @executable_path/Frameworks";
				PRODUCT_BUNDLE_IDENTIFIER = br.com.bulgasoftwares.BeaconsTest;
				PRODUCT_NAME = "$(TARGET_NAME)";
			};
			name = Release;
		};
/* End XCBuildConfiguration section */

/* Begin XCConfigurationList section */
		7ECF8C961C84746D00482A1D /* Build configuration list for PBXProject "BeaconsTest" */ = {
			isa = XCConfigurationList;
			buildConfigurations = (
				7ECF8CAE1C84746E00482A1D /* Debug */,
				7ECF8CAF1C84746E00482A1D /* Release */,
			);
			defaultConfigurationIsVisible = 0;
			defaultConfigurationName = Release;
		};
		7ECF8CB01C84746E00482A1D /* Build configuration list for PBXNativeTarget "BeaconsTest" */ = {
			isa = XCConfigurationList;
			buildConfigurations = (
				7ECF8CB11C84746E00482A1D /* Debug */,
				7ECF8CB21C84746E00482A1D /* Release */,
			);
			defaultConfigurationIsVisible = 0;
		};
/* End XCConfigurationList section */

/* Begin XCVersionGroup section */
		7ECF8CA51C84746E00482A1D /* BeaconsTest.xcdatamodeld */ = {
			isa = XCVersionGroup;
			children = (
				7ECF8CA61C84746E00482A1D /* BeaconsTest.xcdatamodel */,
			);
			currentVersion = 7ECF8CA61C84746E00482A1D /* BeaconsTest.xcdatamodel */;
			path = BeaconsTest.xcdatamodeld;
			sourceTree = "<group>";
			versionGroupType = wrapper.xcdatamodel;
		};
/* End XCVersionGroup section */
	};
	rootObject = 7ECF8C931C84746D00482A1D /* Project object */;
}
